
Microsoft Visual Studio Solution File, Format Version 12.00
# Visual Studio 14
VisualStudioVersion = 14.0.25420.1
MinimumVisualStudioVersion = 10.0.40219.1
Project("{2150E333-8FDC-42A3-9474-1A3956D46DE8}") = "src", "src", "{2210EADF-E261-419E-8938-B3278D78407D}"
EndProject
Project("{2150E333-8FDC-42A3-9474-1A3956D46DE8}") = "Solution Items", "Solution Items", "{C89BB129-91B1-4952-A0F0-FE547698043B}"
	ProjectSection(SolutionItems) = preProject
		global.json = global.json
	EndProjectSection
EndProject
Project("{8BB2217D-0F2D-49D1-97BC-3654ED321F3B}") = "WebApplication1", "src\WebApplication1\WebApplication1.xproj", "{77B09484-2542-4F51-BE94-2DD0AC3ACA34}"
EndProject
Global
	GlobalSection(SolutionConfigurationPlatforms) = preSolution
		Debug|Any CPU = Debug|Any CPU
		Release|Any CPU = Release|Any CPU
	EndGlobalSection
	GlobalSection(ProjectConfigurationPlatforms) = postSolution
		{77B09484-2542-4F51-BE94-2DD0AC3ACA34}.Debug|Any CPU.ActiveCfg = Debug|Any CPU
		{77B09484-2542-4F51-BE94-2DD0AC3ACA34}.Debug|Any CPU.Build.0 = Debug|Any CPU
		{77B09484-2542-4F51-BE94-2DD0AC3ACA34}.Release|Any CPU.ActiveCfg = Release|Any CPU
		{77B09484-2542-4F51-BE94-2DD0AC3ACA34}.Release|Any CPU.Build.0 = Release|Any CPU
	EndGlobalSection
	GlobalSection(SolutionProperties) = preSolution
		HideSolutionNode = FALSE
	EndGlobalSection
	GlobalSection(NestedProjects) = preSolution
		{77B09484-2542-4F51-BE94-2DD0AC3ACA34} = {2210EADF-E261-419E-8938-B3278D78407D}
	EndGlobalSection
EndGlobal
